
Microsoft Visual Studio Solution File, Format Version 12.00
# Visual Studio Version 17
VisualStudioVersion = 17.5.33424.131
MinimumVisualStudioVersion = 10.0.40219.1
Project("{FAE04EC0-301F-11D3-BF4B-00C04F79EFBC}") = "ToDoList", "ToDoList\ToDoList.csproj", "{426B6B07-802D-462E-B30B-12175477F9CB}"
EndProject
Global
	GlobalSection(SolutionConfigurationPlatforms) = preSolution
		Debug|Any CPU = Debug|Any CPU
		Release|Any CPU = Release|Any CPU
	EndGlobalSection
	GlobalSection(ProjectConfigurationPlatforms) = postSolution
		{426B6B07-802D-462E-B30B-12175477F9CB}.Debug|Any CPU.ActiveCfg = Debug|Any CPU
		{426B6B07-802D-462E-B30B-12175477F9CB}.Debug|Any CPU.Build.0 = Debug|Any CPU
		{426B6B07-802D-462E-B30B-12175477F9CB}.Release|Any CPU.ActiveCfg = Release|Any CPU
		{426B6B07-802D-462E-B30B-12175477F9CB}.Release|Any CPU.Build.0 = Release|Any CPU
	EndGlobalSection
	GlobalSection(SolutionProperties) = preSolution
		HideSolutionNode = FALSE
	EndGlobalSection
	GlobalSection(ExtensibilityGlobals) = postSolution
		SolutionGuid = {8B7BCCCB-A299-4522-A9A7-19F78F0B1D9A}
	EndGlobalSection
EndGlobal
